
Microsoft Visual Studio Solution File, Format Version 12.00
# Visual Studio Version 17
VisualStudioVersion = 17.0.31903.59
MinimumVisualStudioVersion = 10.0.40219.1
Project("{FAE04EC0-301F-11D3-BF4B-00C04F79EFBC}") = "KursovaWPF", "KursovaWPF\KursovaWPF.csproj", "{1BACCA8B-0F31-4B61-8701-951F763AFAA2}"
EndProject
Global
	GlobalSection(SolutionConfigurationPlatforms) = preSolution
		Debug|Any CPU = Debug|Any CPU
		Release|Any CPU = Release|Any CPU
	EndGlobalSection
	GlobalSection(ProjectConfigurationPlatforms) = postSolution
		{1BACCA8B-0F31-4B61-8701-951F763AFAA2}.Debug|Any CPU.ActiveCfg = Debug|Any CPU
		{1BACCA8B-0F31-4B61-8701-951F763AFAA2}.Debug|Any CPU.Build.0 = Debug|Any CPU
		{1BACCA8B-0F31-4B61-8701-951F763AFAA2}.Release|Any CPU.ActiveCfg = Release|Any CPU
		{1BACCA8B-0F31-4B61-8701-951F763AFAA2}.Release|Any CPU.Build.0 = Release|Any CPU
	EndGlobalSection
	GlobalSection(SolutionProperties) = preSolution
		HideSolutionNode = FALSE
	EndGlobalSection
	GlobalSection(ExtensibilityGlobals) = postSolution
		SolutionGuid = {B7D3ED04-B05D-48D9-830A-CB94BCEB6BCD}
	EndGlobalSection
EndGlobal
